
Microsoft Visual Studio Solution File, Format Version 12.00
# Visual Studio Version 16
VisualStudioVersion = 16.0.30717.126
MinimumVisualStudioVersion = 10.0.40219.1
Project("{FAE04EC0-301F-11D3-BF4B-00C04F79EFBC}") = "UsuarioPrincipal", "UsuarioPrincipal\UsuarioPrincipal.csproj", "{D0F0847A-063D-470B-8BA3-4200F1F835FD}"
EndProject
Global
	GlobalSection(SolutionConfigurationPlatforms) = preSolution
		Debug|Any CPU = Debug|Any CPU
		Release|Any CPU = Release|Any CPU
	EndGlobalSection
	GlobalSection(ProjectConfigurationPlatforms) = postSolution
		{D0F0847A-063D-470B-8BA3-4200F1F835FD}.Debug|Any CPU.ActiveCfg = Debug|Any CPU
		{D0F0847A-063D-470B-8BA3-4200F1F835FD}.Debug|Any CPU.Build.0 = Debug|Any CPU
		{D0F0847A-063D-470B-8BA3-4200F1F835FD}.Release|Any CPU.ActiveCfg = Release|Any CPU
		{D0F0847A-063D-470B-8BA3-4200F1F835FD}.Release|Any CPU.Build.0 = Release|Any CPU
	EndGlobalSection
	GlobalSection(SolutionProperties) = preSolution
		HideSolutionNode = FALSE
	EndGlobalSection
	GlobalSection(ExtensibilityGlobals) = postSolution
		SolutionGuid = {964703E8-8517-4FF7-A91E-6F72D64312F2}
	EndGlobalSection
EndGlobal
